<?xml version="1.0" encoding="utf-8"?>
<Project ToolsVersion="4.0" xmlns="http://schemas.microsoft.com/developer/msbuild/2003">
  <ItemGroup>
    <Filter Include="源文件">
      <UniqueIdentifier>{4FC737F1-C7A5-4376-A066-2A32D752A2FF}</UniqueIdentifier>
      <Extensions>cpp;c;cc;cxx;c++;cppm;ixx;def;odl;idl;hpj;bat;asm;asmx</Extensions>
    </Filter>
    <Filter Include="头文件">
      <UniqueIdentifier>{93995380-89BD-4b04-88EB-625FBE52EBFB}</UniqueIdentifier>
      <Extensions>h;hh;hpp;hxx;h++;hm;inl;inc;ipp;xsd</Extensions>
    </Filter>
    <Filter Include="资源文件">
      <UniqueIdentifier>{67DA6AB6-F800-4c08-8B7A-83BB121AAD01}</UniqueIdentifier>
      <Extensions>rc;ico;cur;bmp;dlg;rc2;rct;bin;rgs;gif;jpg;jpeg;jpe;resx;tiff;tif;png;wav;mfcribbon-ms</Extensions>
    </Filter>
  </ItemGroup>
  <ItemGroup>
    <ClCompile Include="ra2md.cpp">
      <Filter>源文件</Filter>
    </ClCompile>
    <ClCompile Include="src\Misc\MP.cpp">
      <Filter>源文件</Filter>
    </ClCompile>
    <ClCompile Include="src\Misc\Int.cpp">
      <Filter>源文件</Filter>
    </ClCompile>
    <ClCompile Include="src\Algorithm\PKey.cpp">
      <Filter>源文件</Filter>
    </ClCompile>
    <ClCompile Include="src\IO\BlowStraw.cpp">
      <Filter>源文件</Filter>
    </ClCompile>
    <ClCompile Include="src\IO\BufferIOFile.cpp">
      <Filter>源文件</Filter>
    </ClCompile>
    <ClCompile Include="src\IO\CCFile.cpp">
      <Filter>源文件</Filter>
    </ClCompile>
    <ClCompile Include="src\IO\MixFile.cpp">
      <Filter>源文件</Filter>
    </ClCompile>
    <ClCompile Include="src\IO\Pipe.cpp">
      <Filter>源文件</Filter>
    </ClCompile>
    <ClCompile Include="src\IO\RawFile.cpp">
      <Filter>源文件</Filter>
    </ClCompile>
    <ClCompile Include="src\IO\Straw.cpp">
      <Filter>源文件</Filter>
    </ClCompile>
    <ClCompile Include="src\Algorithm\Blowfish.cpp">
      <Filter>源文件</Filter>
    </ClCompile>
    <ClCompile Include="src\Misc\Buffer.cpp">
      <Filter>源文件</Filter>
    </ClCompile>
    <ClCompile Include="src\Algorithm\Random.cpp">
      <Filter>源文件</Filter>
    </ClCompile>
    <ClCompile Include="src\IO\RandomStraw.cpp">
      <Filter>源文件</Filter>
    </ClCompile>
    <ClCompile Include="src\Algorithm\SHA.cpp">
      <Filter>源文件</Filter>
    </ClCompile>
    <ClCompile Include="src\IO\PKStraw.cpp">
      <Filter>源文件</Filter>
    </ClCompile>
    <ClCompile Include="src\IO\SHAStraw.cpp">
      <Filter>源文件</Filter>
    </ClCompile>
    <ClCompile Include="src\IO\BufferStraw.cpp">
      <Filter>源文件</Filter>
    </ClCompile>
    <ClCompile Include="src\IO\FileStraw.cpp">
      <Filter>源文件</Filter>
    </ClCompile>
    <ClCompile Include="src\Algorithm\CRC.cpp">
      <Filter>源文件</Filter>
    </ClCompile>
    <ClCompile Include="src\Misc\Conquer.cpp">
      <Filter>源文件</Filter>
    </ClCompile>
    <ClCompile Include="src\Game\Init.cpp">
      <Filter>源文件</Filter>
    </ClCompile>
    <ClCompile Include="src\IO\RAMFile.cpp">
      <Filter>源文件</Filter>
    </ClCompile>
    <ClCompile Include="src\IO\INI.cpp">
      <Filter>源文件</Filter>
    </ClCompile>
    <ClCompile Include="src\IO\FilePipe.cpp">
      <Filter>源文件</Filter>
    </ClCompile>
    <ClCompile Include="src\IO\BufferPipe.cpp">
      <Filter>源文件</Filter>
    </ClCompile>
    <ClCompile Include="src\IO\CacheStraw.cpp">
      <Filter>源文件</Filter>
    </ClCompile>
    <ClCompile Include="src\IO\ReadLine.cpp">
      <Filter>源文件</Filter>
    </ClCompile>
    <ClCompile Include="src\IO\Base64Pipe.cpp">
      <Filter>源文件</Filter>
    </ClCompile>
    <ClCompile Include="src\IO\Base64.cpp">
      <Filter>源文件</Filter>
    </ClCompile>
    <ClCompile Include="src\IO\Base64Straw.cpp">
      <Filter>源文件</Filter>
    </ClCompile>
    <ClCompile Include="src\Misc\TextManager.cpp">
      <Filter>源文件</Filter>
    </ClCompile>
    <ClCompile Include="src\IO\CCINI.cpp">
      <Filter>源文件</Filter>
    </ClCompile>
    <ClCompile Include="src\IO\SHAPipe.cpp">
      <Filter>源文件</Filter>
    </ClCompile>
    <ClCompile Include="src\Game\Abstract.cpp">
      <Filter>源文件</Filter>
    </ClCompile>
    <ClCompile Include="src\Game\Scenario.cpp">
      <Filter>源文件</Filter>
    </ClCompile>
    <ClCompile Include="src\Game\Direct2DApp.cpp">
      <Filter>源文件</Filter>
    </ClCompile>
  </ItemGroup>
  <ItemGroup>
    <ClInclude Include="include\RawFile.h">
      <Filter>头文件</Filter>
    </ClInclude>
    <ClInclude Include="include\File.h">
      <Filter>头文件</Filter>
    </ClInclude>
    <ClInclude Include="include\Always.h">
      <Filter>头文件</Filter>
    </ClInclude>
    <ClInclude Include="include\BufferIOFile.h">
      <Filter>头文件</Filter>
    </ClInclude>
    <ClInclude Include="include\CCFile.h">
      <Filter>头文件</Filter>
    </ClInclude>
    <ClInclude Include="include\Buffer.h">
      <Filter>头文件</Filter>
    </ClInclude>
    <ClInclude Include="include\ListNode.h">
      <Filter>头文件</Filter>
    </ClInclude>
    <ClInclude Include="include\MixFile.h">
      <Filter>头文件</Filter>
    </ClInclude>
    <ClInclude Include="include\Straw.h">
      <Filter>头文件</Filter>
    </ClInclude>
    <ClInclude Include="include\Blowfish.h">
      <Filter>头文件</Filter>
    </ClInclude>
    <ClInclude Include="include\Pipe.h">
      <Filter>头文件</Filter>
    </ClInclude>
    <ClInclude Include="include\MP.h">
      <Filter>头文件</Filter>
    </ClInclude>
    <ClInclude Include="include\PKey.h">
      <Filter>头文件</Filter>
    </ClInclude>
    <ClInclude Include="include\Int.h">
      <Filter>头文件</Filter>
    </ClInclude>
    <ClInclude Include="include\BlowStraw.h">
      <Filter>头文件</Filter>
    </ClInclude>
    <ClInclude Include="include\PKStraw.h">
      <Filter>头文件</Filter>
    </ClInclude>
    <ClInclude Include="include\Random.h">
      <Filter>头文件</Filter>
    </ClInclude>
    <ClInclude Include="include\RandomStraw.h">
      <Filter>头文件</Filter>
    </ClInclude>
    <ClInclude Include="include\SHA.h">
      <Filter>头文件</Filter>
    </ClInclude>
    <ClInclude Include="include\SHAStraw.h">
      <Filter>头文件</Filter>
    </ClInclude>
    <ClInclude Include="include\BufferStraw.h">
      <Filter>头文件</Filter>
    </ClInclude>
    <ClInclude Include="include\FileStraw.h">
      <Filter>头文件</Filter>
    </ClInclude>
    <ClInclude Include="include\CRC.h">
      <Filter>头文件</Filter>
    </ClInclude>
    <ClInclude Include="include\Conquer.h">
      <Filter>头文件</Filter>
    </ClInclude>
    <ClInclude Include="include\Search.h">
      <Filter>头文件</Filter>
    </ClInclude>
    <ClInclude Include="include\INI.h">
      <Filter>头文件</Filter>
    </ClInclude>
    <ClInclude Include="include\RAMFile.h">
      <Filter>头文件</Filter>
    </ClInclude>
    <ClInclude Include="include\FilePipe.h">
      <Filter>头文件</Filter>
    </ClInclude>
    <ClInclude Include="include\BufferPipe.h">
      <Filter>头文件</Filter>
    </ClInclude>
    <ClInclude Include="include\CacheStraw.h">
      <Filter>头文件</Filter>
    </ClInclude>
    <ClInclude Include="include\ReadLine.h">
      <Filter>头文件</Filter>
    </ClInclude>
    <ClInclude Include="include\Base64Pipe.h">
      <Filter>头文件</Filter>
    </ClInclude>
    <ClInclude Include="include\Base64.h">
      <Filter>头文件</Filter>
    </ClInclude>
    <ClInclude Include="include\Base64Straw.h">
      <Filter>头文件</Filter>
    </ClInclude>
    <ClInclude Include="include\Init.h">
      <Filter>头文件</Filter>
    </ClInclude>
    <ClInclude Include="include\TextManager.h">
      <Filter>头文件</Filter>
    </ClInclude>
    <ClInclude Include="include\Vector.h">
      <Filter>头文件</Filter>
    </ClInclude>
    <ClInclude Include="include\Uninit.h">
      <Filter>头文件</Filter>
    </ClInclude>
    <ClInclude Include="include\CCINI.h">
      <Filter>头文件</Filter>
    </ClInclude>
    <ClInclude Include="include\SHAPipe.h">
      <Filter>头文件</Filter>
    </ClInclude>
    <ClInclude Include="include\Abstract.h">
      <Filter>头文件</Filter>
    </ClInclude>
    <ClInclude Include="include\Defines.h">
      <Filter>头文件</Filter>
    </ClInclude>
    <ClInclude Include="include\Scenario.h">
      <Filter>头文件</Filter>
    </ClInclude>
    <ClInclude Include="include\Direct3D.h">
      <Filter>头文件</Filter>
    </ClInclude>
    <ClInclude Include="include\Direct2D.h">
      <Filter>头文件</Filter>
    </ClInclude>
    <ClInclude Include="include\Direct2DApp.h">
      <Filter>头文件</Filter>
    </ClInclude>
  </ItemGroup>
</Project>