
Microsoft Visual Studio Solution File, Format Version 12.00
# Visual Studio Version 17
VisualStudioVersion = 17.1.32210.238
MinimumVisualStudioVersion = 10.0.40219.1
Project("{8BC9CEB8-8B4A-11D0-8D11-00A0C91BC942}") = "ra2md", "ra2md.vcxproj", "{CD54DBB9-63F3-47A3-A27A-83691AD22C9C}"
EndProject
Global
	GlobalSection(SolutionConfigurationPlatforms) = preSolution
		Debug|x86 = Debug|x86
		Release|x86 = Release|x86
	EndGlobalSection
	GlobalSection(ProjectConfigurationPlatforms) = postSolution
		{CD54DBB9-63F3-47A3-A27A-83691AD22C9C}.Debug|x86.ActiveCfg = Debug|Win32
		{CD54DBB9-63F3-47A3-A27A-83691AD22C9C}.Debug|x86.Build.0 = Debug|Win32
		{CD54DBB9-63F3-47A3-A27A-83691AD22C9C}.Release|x86.ActiveCfg = Release|Win32
		{CD54DBB9-63F3-47A3-A27A-83691AD22C9C}.Release|x86.Build.0 = Release|Win32
	EndGlobalSection
	GlobalSection(SolutionProperties) = preSolution
		HideSolutionNode = FALSE
	EndGlobalSection
	GlobalSection(ExtensibilityGlobals) = postSolution
		SolutionGuid = {3BD49550-52E6-4C83-8917-31E4ACEC7F13}
	EndGlobalSection
EndGlobal
